{
  "name": "nativescript-slides",
  "version": "2.2.12",
  "lockfileVersion": 1,
  "requires": true,
  "dependencies": {
    "nativescript-dom": {
      "version": "2.0.2",
      "resolved": "https://registry.npmjs.org/nativescript-dom/-/nativescript-dom-2.0.2.tgz",
      "integrity": "sha512-VEY1X10QRZlJEeZUdrwrGoslKqeS03BloaL5OWaXeHmdtmgzaTo3yjIg4ZJOLFWpHme3xAmn+mEn5HLtUJH+NQ=="
    },
    "tns-core-modules": {
      "version": "3.4.1",
      "resolved": "https://registry.npmjs.org/tns-core-modules/-/tns-core-modules-3.4.1.tgz",
      "integrity": "sha512-sz/yTmoW7WyDPpr4JEC+trlfiEI14X365jGF//tMCT/G6ISzANr43wc17fgbGH1UA1XbKzujbAl0xPNssRHVUA==",
      "dev": true,
      "requires": {
        "tns-core-modules-widgets": "3.4.0"
      }
    },
    "tns-core-modules-widgets": {
      "version": "3.4.0",
      "resolved": "https://registry.npmjs.org/tns-core-modules-widgets/-/tns-core-modules-widgets-3.4.0.tgz",
      "integrity": "sha512-WEtjDRTjjKB+C1NhY1CJSNyhK9DPCYzBgM+yKgq5AmphK/QdQEMAP1U2ttOv8yWWfsvLZGOnzyLCzcyeoG0Gfw==",
      "dev": true
    },
    "tns-platform-declarations": {
      "version": "3.4.1",
      "resolved": "https://registry.npmjs.org/tns-platform-declarations/-/tns-platform-declarations-3.4.1.tgz",
      "integrity": "sha512-GCvUvmtZ2Nne9GIppYF5xzUQzYP+KF43R+ce9kFMT1erDP0I6thLrRkLEo8JgAYD7ukMqXAb80MlYMv/VDGSCw==",
      "dev": true
    },
    "typescript": {
      "version": "2.9.2",
      "resolved": "https://registry.npmjs.org/typescript/-/typescript-2.9.2.tgz",
      "integrity": "sha512-Gr4p6nFNaoufRIY4NMdpQRNmgxVIGMs4Fcu/ujdYk3nAZqk7supzBE9idmvfZIlH/Cuj//dvi+019qEue9lV0w==",
      "dev": true
    }
  }
}
